
Microsoft Visual Studio Solution File, Format Version 12.00
# Visual Studio Version 17
VisualStudioVersion = 17.8.34330.188
MinimumVisualStudioVersion = 10.0.40219.1
Project("{2150E333-8FDC-42A3-9474-1A3956D46DE8}") = "source", "source", "{A5FC58B6-58FB-46ED-A55C-543FAC9FE318}"
EndProject
Project("{2150E333-8FDC-42A3-9474-1A3956D46DE8}") = "test", "test", "{0394E1C3-29E0-455D-8E3C-9F2CE1FF93F8}"
EndProject
Project("{9A19103F-16F7-4668-BE54-9A1E7A4F7556}") = "Domain", "source\Domain\Domain.csproj", "{10AA4767-1AC4-42AE-A631-608F940BE706}"
EndProject
Project("{9A19103F-16F7-4668-BE54-9A1E7A4F7556}") = "Application", "source\Application\Application.csproj", "{3CFD90C7-51FA-4E12-AE28-0AE0616F54D7}"
EndProject
Project("{9A19103F-16F7-4668-BE54-9A1E7A4F7556}") = "Infrastructure", "source\Infrastructure\Infrastructure.csproj", "{696ADC20-5B22-42DC-94D2-7BC47A71D38F}"
EndProject
Project("{9A19103F-16F7-4668-BE54-9A1E7A4F7556}") = "Website", "source\Website\Website.csproj", "{372C3B4B-9BF1-4C8A-87C4-A36B60DBA666}"
EndProject
Project("{9A19103F-16F7-4668-BE54-9A1E7A4F7556}") = "Application.FunctionalTests", "test\Application.FunctionalTests\Application.FunctionalTests.csproj", "{1FAD7F90-62BE-4F31-8A2D-4F2486ACCC94}"
EndProject
Project("{9A19103F-16F7-4668-BE54-9A1E7A4F7556}") = "Application.UnitTests", "test\Application.UnitTests\Application.UnitTests.csproj", "{F5C0C619-4D70-4703-A7A8-0E55BE82691C}"
EndProject
Project("{9A19103F-16F7-4668-BE54-9A1E7A4F7556}") = "Domain.UnitTests", "test\Domain.UnitTests\Domain.UnitTests.csproj", "{B92C277A-C2A6-4211-BE83-CCBC6D91FDFB}"
EndProject
Project("{9A19103F-16F7-4668-BE54-9A1E7A4F7556}") = "Infrastructure.IntegrationTests", "test\Infrastructure.IntegrationTests\Infrastructure.IntegrationTests.csproj", "{B7A4CB40-CCF7-42B5-A2E7-0AD96581230A}"
EndProject
Project("{9A19103F-16F7-4668-BE54-9A1E7A4F7556}") = "Web.AcceptanceTests", "test\Web.AcceptanceTests\Web.AcceptanceTests.csproj", "{3A584C72-8BC5-4AFB-A110-73C54D8E7912}"
EndProject
Global
	GlobalSection(SolutionConfigurationPlatforms) = preSolution
		Debug|Any CPU = Debug|Any CPU
		Release|Any CPU = Release|Any CPU
	EndGlobalSection
	GlobalSection(ProjectConfigurationPlatforms) = postSolution
		{10AA4767-1AC4-42AE-A631-608F940BE706}.Debug|Any CPU.ActiveCfg = Debug|Any CPU
		{10AA4767-1AC4-42AE-A631-608F940BE706}.Debug|Any CPU.Build.0 = Debug|Any CPU
		{10AA4767-1AC4-42AE-A631-608F940BE706}.Release|Any CPU.ActiveCfg = Release|Any CPU
		{10AA4767-1AC4-42AE-A631-608F940BE706}.Release|Any CPU.Build.0 = Release|Any CPU
		{3CFD90C7-51FA-4E12-AE28-0AE0616F54D7}.Debug|Any CPU.ActiveCfg = Debug|Any CPU
		{3CFD90C7-51FA-4E12-AE28-0AE0616F54D7}.Debug|Any CPU.Build.0 = Debug|Any CPU
		{3CFD90C7-51FA-4E12-AE28-0AE0616F54D7}.Release|Any CPU.ActiveCfg = Release|Any CPU
		{3CFD90C7-51FA-4E12-AE28-0AE0616F54D7}.Release|Any CPU.Build.0 = Release|Any CPU
		{696ADC20-5B22-42DC-94D2-7BC47A71D38F}.Debug|Any CPU.ActiveCfg = Debug|Any CPU
		{696ADC20-5B22-42DC-94D2-7BC47A71D38F}.Debug|Any CPU.Build.0 = Debug|Any CPU
		{696ADC20-5B22-42DC-94D2-7BC47A71D38F}.Release|Any CPU.ActiveCfg = Release|Any CPU
		{696ADC20-5B22-42DC-94D2-7BC47A71D38F}.Release|Any CPU.Build.0 = Release|Any CPU
		{372C3B4B-9BF1-4C8A-87C4-A36B60DBA666}.Debug|Any CPU.ActiveCfg = Debug|Any CPU
		{372C3B4B-9BF1-4C8A-87C4-A36B60DBA666}.Debug|Any CPU.Build.0 = Debug|Any CPU
		{372C3B4B-9BF1-4C8A-87C4-A36B60DBA666}.Release|Any CPU.ActiveCfg = Release|Any CPU
		{372C3B4B-9BF1-4C8A-87C4-A36B60DBA666}.Release|Any CPU.Build.0 = Release|Any CPU
		{1FAD7F90-62BE-4F31-8A2D-4F2486ACCC94}.Debug|Any CPU.ActiveCfg = Debug|Any CPU
		{1FAD7F90-62BE-4F31-8A2D-4F2486ACCC94}.Debug|Any CPU.Build.0 = Debug|Any CPU
		{1FAD7F90-62BE-4F31-8A2D-4F2486ACCC94}.Release|Any CPU.ActiveCfg = Release|Any CPU
		{1FAD7F90-62BE-4F31-8A2D-4F2486ACCC94}.Release|Any CPU.Build.0 = Release|Any CPU
		{F5C0C619-4D70-4703-A7A8-0E55BE82691C}.Debug|Any CPU.ActiveCfg = Debug|Any CPU
		{F5C0C619-4D70-4703-A7A8-0E55BE82691C}.Debug|Any CPU.Build.0 = Debug|Any CPU
		{F5C0C619-4D70-4703-A7A8-0E55BE82691C}.Release|Any CPU.ActiveCfg = Release|Any CPU
		{F5C0C619-4D70-4703-A7A8-0E55BE82691C}.Release|Any CPU.Build.0 = Release|Any CPU
		{B92C277A-C2A6-4211-BE83-CCBC6D91FDFB}.Debug|Any CPU.ActiveCfg = Debug|Any CPU
		{B92C277A-C2A6-4211-BE83-CCBC6D91FDFB}.Debug|Any CPU.Build.0 = Debug|Any CPU
		{B92C277A-C2A6-4211-BE83-CCBC6D91FDFB}.Release|Any CPU.ActiveCfg = Release|Any CPU
		{B92C277A-C2A6-4211-BE83-CCBC6D91FDFB}.Release|Any CPU.Build.0 = Release|Any CPU
		{B7A4CB40-CCF7-42B5-A2E7-0AD96581230A}.Debug|Any CPU.ActiveCfg = Debug|Any CPU
		{B7A4CB40-CCF7-42B5-A2E7-0AD96581230A}.Debug|Any CPU.Build.0 = Debug|Any CPU
		{B7A4CB40-CCF7-42B5-A2E7-0AD96581230A}.Release|Any CPU.ActiveCfg = Release|Any CPU
		{B7A4CB40-CCF7-42B5-A2E7-0AD96581230A}.Release|Any CPU.Build.0 = Release|Any CPU
		{3A584C72-8BC5-4AFB-A110-73C54D8E7912}.Debug|Any CPU.ActiveCfg = Debug|Any CPU
		{3A584C72-8BC5-4AFB-A110-73C54D8E7912}.Debug|Any CPU.Build.0 = Debug|Any CPU
		{3A584C72-8BC5-4AFB-A110-73C54D8E7912}.Release|Any CPU.ActiveCfg = Release|Any CPU
		{3A584C72-8BC5-4AFB-A110-73C54D8E7912}.Release|Any CPU.Build.0 = Release|Any CPU
	EndGlobalSection
	GlobalSection(SolutionProperties) = preSolution
		HideSolutionNode = FALSE
	EndGlobalSection
	GlobalSection(NestedProjects) = preSolution
		{10AA4767-1AC4-42AE-A631-608F940BE706} = {A5FC58B6-58FB-46ED-A55C-543FAC9FE318}
		{3CFD90C7-51FA-4E12-AE28-0AE0616F54D7} = {A5FC58B6-58FB-46ED-A55C-543FAC9FE318}
		{696ADC20-5B22-42DC-94D2-7BC47A71D38F} = {A5FC58B6-58FB-46ED-A55C-543FAC9FE318}
		{372C3B4B-9BF1-4C8A-87C4-A36B60DBA666} = {A5FC58B6-58FB-46ED-A55C-543FAC9FE318}
		{1FAD7F90-62BE-4F31-8A2D-4F2486ACCC94} = {0394E1C3-29E0-455D-8E3C-9F2CE1FF93F8}
		{F5C0C619-4D70-4703-A7A8-0E55BE82691C} = {0394E1C3-29E0-455D-8E3C-9F2CE1FF93F8}
		{B92C277A-C2A6-4211-BE83-CCBC6D91FDFB} = {0394E1C3-29E0-455D-8E3C-9F2CE1FF93F8}
		{B7A4CB40-CCF7-42B5-A2E7-0AD96581230A} = {0394E1C3-29E0-455D-8E3C-9F2CE1FF93F8}
		{3A584C72-8BC5-4AFB-A110-73C54D8E7912} = {0394E1C3-29E0-455D-8E3C-9F2CE1FF93F8}
	EndGlobalSection
	GlobalSection(ExtensibilityGlobals) = postSolution
		SolutionGuid = {9A43EFCD-11A8-4126-BF0B-9E469A090FF7}
	EndGlobalSection
EndGlobal
